// !$*UTF8*$!
{
	archiveVersion = 1;
	classes = {
	};
	objectVersion = 55;
	objects = {

/* Begin PBXBuildFile section */
		F836F73E27B6794B0071E7CE /* AppDelegate.swift in Sources */ = {isa = PBXBuildFile; fileRef = F836F73D27B6794B0071E7CE /* AppDelegate.swift */; };
		F836F74027B6794B0071E7CE /* SceneDelegate.swift in Sources */ = {isa = PBXBuildFile; fileRef = F836F73F27B6794B0071E7CE /* SceneDelegate.swift */; };
		F836F74227B6794B0071E7CE /* ViewController.swift in Sources */ = {isa = PBXBuildFile; fileRef = F836F74127B6794B0071E7CE /* ViewController.swift */; };
		F836F74527B6794B0071E7CE /* Main.storyboard in Resources */ = {isa = PBXBuildFile; fileRef = F836F74327B6794B0071E7CE /* Main.storyboard */; };
		F836F74727B6794E0071E7CE /* Assets.xcassets in Resources */ = {isa = PBXBuildFile; fileRef = F836F74627B6794E0071E7CE /* Assets.xcassets */; };
		F836F74A27B6794E0071E7CE /* LaunchScreen.storyboard in Resources */ = {isa = PBXBuildFile; fileRef = F836F74827B6794E0071E7CE /* LaunchScreen.storyboard */; };
		F836F75227B67BE90071E7CE /* CountryTableViewCell.swift in Sources */ = {isa = PBXBuildFile; fileRef = F836F75127B67BE90071E7CE /* CountryTableViewCell.swift */; };
		F836F75427B686DC0071E7CE /* CountryDetailTableVCTableViewController.swift in Sources */ = {isa = PBXBuildFile; fileRef = F836F75327B686DC0071E7CE /* CountryDetailTableVCTableViewController.swift */; };
		F836F75627B6A06E0071E7CE /* data.json in Resources */ = {isa = PBXBuildFile; fileRef = F836F75527B6A06E0071E7CE /* data.json */; };
		F836F75B27B6A16A0071E7CE /* CountryModel.swift in Sources */ = {isa = PBXBuildFile; fileRef = F836F75A27B6A16A0071E7CE /* CountryModel.swift */; };
		F836F75D27B6A2740071E7CE /* Data.swift in Sources */ = {isa = PBXBuildFile; fileRef = F836F75C27B6A2740071E7CE /* Data.swift */; };
/* End PBXBuildFile section */

/* Begin PBXFileReference section */
		F836F73A27B6794B0071E7CE /* CountriesInfoApp.app */ = {isa = PBXFileReference; explicitFileType = wrapper.application; includeInIndex = 0; path = CountriesInfoApp.app; sourceTree = BUILT_PRODUCTS_DIR; };
		F836F73D27B6794B0071E7CE /* AppDelegate.swift */ = {isa = PBXFileReference; lastKnownFileType = sourcecode.swift; path = AppDelegate.swift; sourceTree = "<group>"; };
		F836F73F27B6794B0071E7CE /* SceneDelegate.swift */ = {isa = PBXFileReference; lastKnownFileType = sourcecode.swift; path = SceneDelegate.swift; sourceTree = "<group>"; };
		F836F74127B6794B0071E7CE /* ViewController.swift */ = {isa = PBXFileReference; lastKnownFileType = sourcecode.swift; path = ViewController.swift; sourceTree = "<group>"; };
		F836F74427B6794B0071E7CE /* Base */ = {isa = PBXFileReference; lastKnownFileType = file.storyboard; name = Base; path = Base.lproj/Main.storyboard; sourceTree = "<group>"; };
		F836F74627B6794E0071E7CE /* Assets.xcassets */ = {isa = PBXFileReference; lastKnownFileType = folder.assetcatalog; path = Assets.xcassets; sourceTree = "<group>"; };
		F836F74927B6794E0071E7CE /* Base */ = {isa = PBXFileReference; lastKnownFileType = file.storyboard; name = Base; path = Base.lproj/LaunchScreen.storyboard; sourceTree = "<group>"; };
		F836F74B27B6794E0071E7CE /* Info.plist */ = {isa = PBXFileReference; lastKnownFileType = text.plist.xml; path = Info.plist; sourceTree = "<group>"; };
		F836F75127B67BE90071E7CE /* CountryTableViewCell.swift */ = {isa = PBXFileReference; lastKnownFileType = sourcecode.swift; path = CountryTableViewCell.swift; sourceTree = "<group>"; };
		F836F75327B686DC0071E7CE /* CountryDetailTableVCTableViewController.swift */ = {isa = PBXFileReference; lastKnownFileType = sourcecode.swift; path = CountryDetailTableVCTableViewController.swift; sourceTree = "<group>"; };
		F836F75527B6A06E0071E7CE /* data.json */ = {isa = PBXFileReference; fileEncoding = 4; lastKnownFileType = text.json; path = data.json; sourceTree = "<group>"; };
		F836F75A27B6A16A0071E7CE /* CountryModel.swift */ = {isa = PBXFileReference; lastKnownFileType = sourcecode.swift; path = CountryModel.swift; sourceTree = "<group>"; };
		F836F75C27B6A2740071E7CE /* Data.swift */ = {isa = PBXFileReference; lastKnownFileType = sourcecode.swift; path = Data.swift; sourceTree = "<group>"; };
/* End PBXFileReference section */

/* Begin PBXFrameworksBuildPhase section */
		F836F73727B6794B0071E7CE /* Frameworks */ = {
			isa = PBXFrameworksBuildPhase;
			buildActionMask = 2147483647;
			files = (
			);
			runOnlyForDeploymentPostprocessing = 0;
		};
/* End PBXFrameworksBuildPhase section */

/* Begin PBXGroup section */
		F836F73127B6794B0071E7CE = {
			isa = PBXGroup;
			children = (
				F836F73C27B6794B0071E7CE /* CountriesInfoApp */,
				F836F73B27B6794B0071E7CE /* Products */,
			);
			sourceTree = "<group>";
		};
		F836F73B27B6794B0071E7CE /* Products */ = {
			isa = PBXGroup;
			children = (
				F836F73A27B6794B0071E7CE /* CountriesInfoApp.app */,
			);
			name = Products;
			sourceTree = "<group>";
		};
		F836F73C27B6794B0071E7CE /* CountriesInfoApp */ = {
			isa = PBXGroup;
			children = (
				F836F73D27B6794B0071E7CE /* AppDelegate.swift */,
				F836F73F27B6794B0071E7CE /* SceneDelegate.swift */,
				F836F75727B6A0E50071E7CE /* Controller */,
				F836F75827B6A1030071E7CE /* View */,
				F836F75927B6A1280071E7CE /* Model */,
				F836F74627B6794E0071E7CE /* Assets.xcassets */,
				F836F74B27B6794E0071E7CE /* Info.plist */,
			);
			path = CountriesInfoApp;
			sourceTree = "<group>";
		};
		F836F75727B6A0E50071E7CE /* Controller */ = {
			isa = PBXGroup;
			children = (
				F836F74127B6794B0071E7CE /* ViewController.swift */,
				F836F75327B686DC0071E7CE /* CountryDetailTableVCTableViewController.swift */,
			);
			path = Controller;
			sourceTree = "<group>";
		};
		F836F75827B6A1030071E7CE /* View */ = {
			isa = PBXGroup;
			children = (
				F836F75127B67BE90071E7CE /* CountryTableViewCell.swift */,
				F836F74327B6794B0071E7CE /* Main.storyboard */,
				F836F74827B6794E0071E7CE /* LaunchScreen.storyboard */,
			);
			path = View;
			sourceTree = "<group>";
		};
		F836F75927B6A1280071E7CE /* Model */ = {
			isa = PBXGroup;
			children = (
				F836F75527B6A06E0071E7CE /* data.json */,
				F836F75A27B6A16A0071E7CE /* CountryModel.swift */,
				F836F75C27B6A2740071E7CE /* Data.swift */,
			);
			path = Model;
			sourceTree = "<group>";
		};
/* End PBXGroup section */

/* Begin PBXNativeTarget section */
		F836F73927B6794B0071E7CE /* CountriesInfoApp */ = {
			isa = PBXNativeTarget;
			buildConfigurationList = F836F74E27B6794E0071E7CE /* Build configuration list for PBXNativeTarget "CountriesInfoApp" */;
			buildPhases = (
				F836F73627B6794B0071E7CE /* Sources */,
				F836F73727B6794B0071E7CE /* Frameworks */,
				F836F73827B6794B0071E7CE /* Resources */,
			);
			buildRules = (
			);
			dependencies = (
			);
			name = CountriesInfoApp;
			productName = CountriesInfoApp;
			productReference = F836F73A27B6794B0071E7CE /* CountriesInfoApp.app */;
			productType = "com.apple.product-type.application";
		};
/* End PBXNativeTarget section */

/* Begin PBXProject section */
		F836F73227B6794B0071E7CE /* Project object */ = {
			isa = PBXProject;
			attributes = {
				BuildIndependentTargetsInParallel = 1;
				LastSwiftUpdateCheck = 1320;
				LastUpgradeCheck = 1320;
				TargetAttributes = {
					F836F73927B6794B0071E7CE = {
						CreatedOnToolsVersion = 13.2.1;
					};
				};
			};
			buildConfigurationList = F836F73527B6794B0071E7CE /* Build configuration list for PBXProject "CountriesInfoApp" */;
			compatibilityVersion = "Xcode 13.0";
			developmentRegion = en;
			hasScannedForEncodings = 0;
			knownRegions = (
				en,
				Base,
			);
			mainGroup = F836F73127B6794B0071E7CE;
			productRefGroup = F836F73B27B6794B0071E7CE /* Products */;
			projectDirPath = "";
			projectRoot = "";
			targets = (
				F836F73927B6794B0071E7CE /* CountriesInfoApp */,
			);
		};
/* End PBXProject section */

/* Begin PBXResourcesBuildPhase section */
		F836F73827B6794B0071E7CE /* Resources */ = {
			isa = PBXResourcesBuildPhase;
			buildActionMask = 2147483647;
			files = (
				F836F74A27B6794E0071E7CE /* LaunchScreen.storyboard in Resources */,
				F836F74727B6794E0071E7CE /* Assets.xcassets in Resources */,
				F836F74527B6794B0071E7CE /* Main.storyboard in Resources */,
				F836F75627B6A06E0071E7CE /* data.json in Resources */,
			);
			runOnlyForDeploymentPostprocessing = 0;
		};
/* End PBXResourcesBuildPhase section */

/* Begin PBXSourcesBuildPhase section */
		F836F73627B6794B0071E7CE /* Sources */ = {
			isa = PBXSourcesBuildPhase;
			buildActionMask = 2147483647;
			files = (
				F836F75D27B6A2740071E7CE /* Data.swift in Sources */,
				F836F75427B686DC0071E7CE /* CountryDetailTableVCTableViewController.swift in Sources */,
				F836F75227B67BE90071E7CE /* CountryTableViewCell.swift in Sources */,
				F836F75B27B6A16A0071E7CE /* CountryModel.swift in Sources */,
				F836F74227B6794B0071E7CE /* ViewController.swift in Sources */,
				F836F73E27B6794B0071E7CE /* AppDelegate.swift in Sources */,
				F836F74027B6794B0071E7CE /* SceneDelegate.swift in Sources */,
			);
			runOnlyForDeploymentPostprocessing = 0;
		};
/* End PBXSourcesBuildPhase section */

/* Begin PBXVariantGroup section */
		F836F74327B6794B0071E7CE /* Main.storyboard */ = {
			isa = PBXVariantGroup;
			children = (
				F836F74427B6794B0071E7CE /* Base */,
			);
			name = Main.storyboard;
			sourceTree = "<group>";
		};
		F836F74827B6794E0071E7CE /* LaunchScreen.storyboard */ = {
			isa = PBXVariantGroup;
			children = (
				F836F74927B6794E0071E7CE /* Base */,
			);
			name = LaunchScreen.storyboard;
			sourceTree = "<group>";
		};
/* End PBXVariantGroup section */

/* Begin XCBuildConfiguration section */
		F836F74C27B6794E0071E7CE /* Debug */ = {
			isa = XCBuildConfiguration;
			buildSettings = {
				ALWAYS_SEARCH_USER_PATHS = NO;
				CLANG_ANALYZER_NONNULL = YES;
				CLANG_ANALYZER_NUMBER_OBJECT_CONVERSION = YES_AGGRESSIVE;
				CLANG_CXX_LANGUAGE_STANDARD = "gnu++17";
				CLANG_CXX_LIBRARY = "libc++";
				CLANG_ENABLE_MODULES = YES;
				CLANG_ENABLE_OBJC_ARC = YES;
				CLANG_ENABLE_OBJC_WEAK = YES;
				CLANG_WARN_BLOCK_CAPTURE_AUTORELEASING = YES;
				CLANG_WARN_BOOL_CONVERSION = YES;
				CLANG_WARN_COMMA = YES;
				CLANG_WARN_CONSTANT_CONVERSION = YES;
				CLANG_WARN_DEPRECATED_OBJC_IMPLEMENTATIONS = YES;
				CLANG_WARN_DIRECT_OBJC_ISA_USAGE = YES_ERROR;
				CLANG_WARN_DOCUMENTATION_COMMENTS = YES;
				CLANG_WARN_EMPTY_BODY = YES;
				CLANG_WARN_ENUM_CONVERSION = YES;
				CLANG_WARN_INFINITE_RECURSION = YES;
				CLANG_WARN_INT_CONVERSION = YES;
				CLANG_WARN_NON_LITERAL_NULL_CONVERSION = YES;
				CLANG_WARN_OBJC_IMPLICIT_RETAIN_SELF = YES;
				CLANG_WARN_OBJC_LITERAL_CONVERSION = YES;
				CLANG_WARN_OBJC_ROOT_CLASS = YES_ERROR;
				CLANG_WARN_QUOTED_INCLUDE_IN_FRAMEWORK_HEADER = YES;
				CLANG_WARN_RANGE_LOOP_ANALYSIS = YES;
				CLANG_WARN_STRICT_PROTOTYPES = YES;
				CLANG_WARN_SUSPICIOUS_MOVE = YES;
				CLANG_WARN_UNGUARDED_AVAILABILITY = YES_AGGRESSIVE;
				CLANG_WARN_UNREACHABLE_CODE = YES;
				CLANG_WARN__DUPLICATE_METHOD_MATCH = YES;
				COPY_PHASE_STRIP = NO;
				DEBUG_INFORMATION_FORMAT = dwarf;
				ENABLE_STRICT_OBJC_MSGSEND = YES;
				ENABLE_TESTABILITY = YES;
				GCC_C_LANGUAGE_STANDARD = gnu11;
				GCC_DYNAMIC_NO_PIC = NO;
				GCC_NO_COMMON_BLOCKS = YES;
				GCC_OPTIMIZATION_LEVEL = 0;
				GCC_PREPROCESSOR_DEFINITIONS = (
					"DEBUG=1",
					"$(inherited)",
				);
				GCC_WARN_64_TO_32_BIT_CONVERSION = YES;
				GCC_WARN_ABOUT_RETURN_TYPE = YES_ERROR;
				GCC_WARN_UNDECLARED_SELECTOR = YES;
				GCC_WARN_UNINITIALIZED_AUTOS = YES_AGGRESSIVE;
				GCC_WARN_UNUSED_FUNCTION = YES;
				GCC_WARN_UNUSED_VARIABLE = YES;
				IPHONEOS_DEPLOYMENT_TARGET = 15.2;
				MTL_ENABLE_DEBUG_INFO = INCLUDE_SOURCE;
				MTL_FAST_MATH = YES;
				ONLY_ACTIVE_ARCH = YES;
				SDKROOT = iphoneos;
				SWIFT_ACTIVE_COMPILATION_CONDITIONS = DEBUG;
				SWIFT_OPTIMIZATION_LEVEL = "-Onone";
			};
			name = Debug;
		};
		F836F74D27B6794E0071E7CE /* Release */ = {
			isa = XCBuildConfiguration;
			buildSettings = {
				ALWAYS_SEARCH_USER_PATHS = NO;
				CLANG_ANALYZER_NONNULL = YES;
				CLANG_ANALYZER_NUMBER_OBJECT_CONVERSION = YES_AGGRESSIVE;
				CLANG_CXX_LANGUAGE_STANDARD = "gnu++17";
				CLANG_CXX_LIBRARY = "libc++";
				CLANG_ENABLE_MODULES = YES;
				CLANG_ENABLE_OBJC_ARC = YES;
				CLANG_ENABLE_OBJC_WEAK = YES;
				CLANG_WARN_BLOCK_CAPTURE_AUTORELEASING = YES;
				CLANG_WARN_BOOL_CONVERSION = YES;
				CLANG_WARN_COMMA = YES;
				CLANG_WARN_CONSTANT_CONVERSION = YES;
				CLANG_WARN_DEPRECATED_OBJC_IMPLEMENTATIONS = YES;
				CLANG_WARN_DIRECT_OBJC_ISA_USAGE = YES_ERROR;
				CLANG_WARN_DOCUMENTATION_COMMENTS = YES;
				CLANG_WARN_EMPTY_BODY = YES;
				CLANG_WARN_ENUM_CONVERSION = YES;
				CLANG_WARN_INFINITE_RECURSION = YES;
				CLANG_WARN_INT_CONVERSION = YES;
				CLANG_WARN_NON_LITERAL_NULL_CONVERSION = YES;
				CLANG_WARN_OBJC_IMPLICIT_RETAIN_SELF = YES;
				CLANG_WARN_OBJC_LITERAL_CONVERSION = YES;
				CLANG_WARN_OBJC_ROOT_CLASS = YES_ERROR;
				CLANG_WARN_QUOTED_INCLUDE_IN_FRAMEWORK_HEADER = YES;
				CLANG_WARN_RANGE_LOOP_ANALYSIS = YES;
				CLANG_WARN_STRICT_PROTOTYPES = YES;
				CLANG_WARN_SUSPICIOUS_MOVE = YES;
				CLANG_WARN_UNGUARDED_AVAILABILITY = YES_AGGRESSIVE;
				CLANG_WARN_UNREACHABLE_CODE = YES;
				CLANG_WARN__DUPLICATE_METHOD_MATCH = YES;
				COPY_PHASE_STRIP = NO;
				DEBUG_INFORMATION_FORMAT = "dwarf-with-dsym";
				ENABLE_NS_ASSERTIONS = NO;
				ENABLE_STRICT_OBJC_MSGSEND = YES;
				GCC_C_LANGUAGE_STANDARD = gnu11;
				GCC_NO_COMMON_BLOCKS = YES;
				GCC_WARN_64_TO_32_BIT_CONVERSION = YES;
				GCC_WARN_ABOUT_RETURN_TYPE = YES_ERROR;
				GCC_WARN_UNDECLARED_SELECTOR = YES;
				GCC_WARN_UNINITIALIZED_AUTOS = YES_AGGRESSIVE;
				GCC_WARN_UNUSED_FUNCTION = YES;
				GCC_WARN_UNUSED_VARIABLE = YES;
				IPHONEOS_DEPLOYMENT_TARGET = 15.2;
				MTL_ENABLE_DEBUG_INFO = NO;
				MTL_FAST_MATH = YES;
				SDKROOT = iphoneos;
				SWIFT_COMPILATION_MODE = wholemodule;
				SWIFT_OPTIMIZATION_LEVEL = "-O";
				VALIDATE_PRODUCT = YES;
			};
			name = Release;
		};
		F836F74F27B6794E0071E7CE /* Debug */ = {
			isa = XCBuildConfiguration;
			buildSettings = {
				ASSETCATALOG_COMPILER_APPICON_NAME = AppIcon;
				ASSETCATALOG_COMPILER_GLOBAL_ACCENT_COLOR_NAME = AccentColor;
				CODE_SIGN_STYLE = Automatic;
				CURRENT_PROJECT_VERSION = 1;
				GENERATE_INFOPLIST_FILE = YES;
				INFOPLIST_FILE = CountriesInfoApp/Info.plist;
				INFOPLIST_KEY_UIApplicationSupportsIndirectInputEvents = YES;
				INFOPLIST_KEY_UILaunchStoryboardName = LaunchScreen;
				INFOPLIST_KEY_UIMainStoryboardFile = Main;
				INFOPLIST_KEY_UISupportedInterfaceOrientations_iPad = "UIInterfaceOrientationPortrait UIInterfaceOrientationPortraitUpsideDown UIInterfaceOrientationLandscapeLeft UIInterfaceOrientationLandscapeRight";
				INFOPLIST_KEY_UISupportedInterfaceOrientations_iPhone = "UIInterfaceOrientationPortrait UIInterfaceOrientationLandscapeLeft UIInterfaceOrientationLandscapeRight";
				LD_RUNPATH_SEARCH_PATHS = (
					"$(inherited)",
					"@executable_path/Frameworks",
				);
				MARKETING_VERSION = 1.0;
				PRODUCT_BUNDLE_IDENTIFIER = focus.CountriesInfoApp;
				PRODUCT_NAME = "$(TARGET_NAME)";
				SWIFT_EMIT_LOC_STRINGS = YES;
				SWIFT_VERSION = 5.0;
				TARGETED_DEVICE_FAMILY = "1,2";
			};
			name = Debug;
		};
		F836F75027B6794E0071E7CE /* Release */ = {
			isa = XCBuildConfiguration;
			buildSettings = {
				ASSETCATALOG_COMPILER_APPICON_NAME = AppIcon;
				ASSETCATALOG_COMPILER_GLOBAL_ACCENT_COLOR_NAME = AccentColor;
				CODE_SIGN_STYLE = Automatic;
				CURRENT_PROJECT_VERSION = 1;
				GENERATE_INFOPLIST_FILE = YES;
				INFOPLIST_FILE = CountriesInfoApp/Info.plist;
				INFOPLIST_KEY_UIApplicationSupportsIndirectInputEvents = YES;
				INFOPLIST_KEY_UILaunchStoryboardName = LaunchScreen;
				INFOPLIST_KEY_UIMainStoryboardFile = Main;
				INFOPLIST_KEY_UISupportedInterfaceOrientations_iPad = "UIInterfaceOrientationPortrait UIInterfaceOrientationPortraitUpsideDown UIInterfaceOrientationLandscapeLeft UIInterfaceOrientationLandscapeRight";
				INFOPLIST_KEY_UISupportedInterfaceOrientations_iPhone = "UIInterfaceOrientationPortrait UIInterfaceOrientationLandscapeLeft UIInterfaceOrientationLandscapeRight";
				LD_RUNPATH_SEARCH_PATHS = (
					"$(inherited)",
					"@executable_path/Frameworks",
				);
				MARKETING_VERSION = 1.0;
				PRODUCT_BUNDLE_IDENTIFIER = focus.CountriesInfoApp;
				PRODUCT_NAME = "$(TARGET_NAME)";
				SWIFT_EMIT_LOC_STRINGS = YES;
				SWIFT_VERSION = 5.0;
				TARGETED_DEVICE_FAMILY = "1,2";
			};
			name = Release;
		};
/* End XCBuildConfiguration section */

/* Begin XCConfigurationList section */
		F836F73527B6794B0071E7CE /* Build configuration list for PBXProject "CountriesInfoApp" */ = {
			isa = XCConfigurationList;
			buildConfigurations = (
				F836F74C27B6794E0071E7CE /* Debug */,
				F836F74D27B6794E0071E7CE /* Release */,
			);
			defaultConfigurationIsVisible = 0;
			defaultConfigurationName = Release;
		};
		F836F74E27B6794E0071E7CE /* Build configuration list for PBXNativeTarget "CountriesInfoApp" */ = {
			isa = XCConfigurationList;
			buildConfigurations = (
				F836F74F27B6794E0071E7CE /* Debug */,
				F836F75027B6794E0071E7CE /* Release */,
			);
			defaultConfigurationIsVisible = 0;
			defaultConfigurationName = Release;
		};
/* End XCConfigurationList section */
	};
	rootObject = F836F73227B6794B0071E7CE /* Project object */;
}
